// !$*UTF8*$!
{
	archiveVersion = 1;
	classes = {
	};
	objectVersion = 52;
	objects = {

/* Begin PBXBuildFile section */
		6F314ABF23F4352200FD5BE6 /* SOAPNetwork.h in Headers */ = {isa = PBXBuildFile; fileRef = 6F314ABD23F4352200FD5BE6 /* SOAPNetwork.h */; settings = {ATTRIBUTES = (Public, ); }; };
		6F314AC723F4359600FD5BE6 /* Alamofire in Frameworks */ = {isa = PBXBuildFile; productRef = 6F314AC623F4359600FD5BE6 /* Alamofire */; };
		6F314AC923F435AE00FD5BE6 /* Request.swift in Sources */ = {isa = PBXBuildFile; fileRef = 6F314AC823F435AE00FD5BE6 /* Request.swift */; };
		6F314ACB23F435C300FD5BE6 /* Network.swift in Sources */ = {isa = PBXBuildFile; fileRef = 6F314ACA23F435C300FD5BE6 /* Network.swift */; };
		6F314AF123F4372400FD5BE6 /* Response.swift in Sources */ = {isa = PBXBuildFile; fileRef = 6F314AF023F4372400FD5BE6 /* Response.swift */; };
		6F314AF423F4392C00FD5BE6 /* SWXMLHash in Frameworks */ = {isa = PBXBuildFile; productRef = 6F314AF323F4392C00FD5BE6 /* SWXMLHash */; };
		6F314AF823F43B4100FD5BE6 /* Result+Extensions.swift in Sources */ = {isa = PBXBuildFile; fileRef = 6F314AF723F43B4100FD5BE6 /* Result+Extensions.swift */; };
/* End PBXBuildFile section */

/* Begin PBXFileReference section */
		6F314ABA23F4352200FD5BE6 /* SOAPNetwork.framework */ = {isa = PBXFileReference; explicitFileType = wrapper.framework; includeInIndex = 0; path = SOAPNetwork.framework; sourceTree = BUILT_PRODUCTS_DIR; };
		6F314ABD23F4352200FD5BE6 /* SOAPNetwork.h */ = {isa = PBXFileReference; lastKnownFileType = sourcecode.c.h; path = SOAPNetwork.h; sourceTree = "<group>"; };
		6F314ABE23F4352200FD5BE6 /* Info.plist */ = {isa = PBXFileReference; lastKnownFileType = text.plist.xml; path = Info.plist; sourceTree = "<group>"; };
		6F314AC823F435AE00FD5BE6 /* Request.swift */ = {isa = PBXFileReference; lastKnownFileType = sourcecode.swift; path = Request.swift; sourceTree = "<group>"; };
		6F314ACA23F435C300FD5BE6 /* Network.swift */ = {isa = PBXFileReference; lastKnownFileType = sourcecode.swift; path = Network.swift; sourceTree = "<group>"; };
		6F314AF023F4372400FD5BE6 /* Response.swift */ = {isa = PBXFileReference; lastKnownFileType = sourcecode.swift; path = Response.swift; sourceTree = "<group>"; };
		6F314AF723F43B4100FD5BE6 /* Result+Extensions.swift */ = {isa = PBXFileReference; lastKnownFileType = sourcecode.swift; path = "Result+Extensions.swift"; sourceTree = "<group>"; };
/* End PBXFileReference section */

/* Begin PBXFrameworksBuildPhase section */
		6F314AB723F4352200FD5BE6 /* Frameworks */ = {
			isa = PBXFrameworksBuildPhase;
			buildActionMask = 2147483647;
			files = (
				6F314AF423F4392C00FD5BE6 /* SWXMLHash in Frameworks */,
				6F314AC723F4359600FD5BE6 /* Alamofire in Frameworks */,
			);
			runOnlyForDeploymentPostprocessing = 0;
		};
/* End PBXFrameworksBuildPhase section */

/* Begin PBXGroup section */
		6F314AB023F4352200FD5BE6 = {
			isa = PBXGroup;
			children = (
				6F314ABC23F4352200FD5BE6 /* SOAPNetwork */,
				6F314ABB23F4352200FD5BE6 /* Products */,
			);
			sourceTree = "<group>";
		};
		6F314ABB23F4352200FD5BE6 /* Products */ = {
			isa = PBXGroup;
			children = (
				6F314ABA23F4352200FD5BE6 /* SOAPNetwork.framework */,
			);
			name = Products;
			sourceTree = "<group>";
		};
		6F314ABC23F4352200FD5BE6 /* SOAPNetwork */ = {
			isa = PBXGroup;
			children = (
				6F314ABD23F4352200FD5BE6 /* SOAPNetwork.h */,
				6F314ABE23F4352200FD5BE6 /* Info.plist */,
				6F314AC823F435AE00FD5BE6 /* Request.swift */,
				6F314ACA23F435C300FD5BE6 /* Network.swift */,
				6F314AF023F4372400FD5BE6 /* Response.swift */,
				6F314AF723F43B4100FD5BE6 /* Result+Extensions.swift */,
			);
			path = SOAPNetwork;
			sourceTree = "<group>";
		};
/* End PBXGroup section */

/* Begin PBXHeadersBuildPhase section */
		6F314AB523F4352200FD5BE6 /* Headers */ = {
			isa = PBXHeadersBuildPhase;
			buildActionMask = 2147483647;
			files = (
				6F314ABF23F4352200FD5BE6 /* SOAPNetwork.h in Headers */,
			);
			runOnlyForDeploymentPostprocessing = 0;
		};
/* End PBXHeadersBuildPhase section */

/* Begin PBXNativeTarget section */
		6F314AB923F4352200FD5BE6 /* SOAPNetwork */ = {
			isa = PBXNativeTarget;
			buildConfigurationList = 6F314AC223F4352200FD5BE6 /* Build configuration list for PBXNativeTarget "SOAPNetwork" */;
			buildPhases = (
				6F314AB523F4352200FD5BE6 /* Headers */,
				6F314AB623F4352200FD5BE6 /* Sources */,
				6F314AB723F4352200FD5BE6 /* Frameworks */,
				6F314AB823F4352200FD5BE6 /* Resources */,
			);
			buildRules = (
			);
			dependencies = (
			);
			name = SOAPNetwork;
			packageProductDependencies = (
				6F314AC623F4359600FD5BE6 /* Alamofire */,
				6F314AF323F4392C00FD5BE6 /* SWXMLHash */,
			);
			productName = SOAPNetwork;
			productReference = 6F314ABA23F4352200FD5BE6 /* SOAPNetwork.framework */;
			productType = "com.apple.product-type.framework";
		};
/* End PBXNativeTarget section */

/* Begin PBXProject section */
		6F314AB123F4352200FD5BE6 /* Project object */ = {
			isa = PBXProject;
			attributes = {
				LastUpgradeCheck = 1100;
				ORGANIZATIONNAME = "Volodymyr Hanas";
				TargetAttributes = {
					6F314AB923F4352200FD5BE6 = {
						CreatedOnToolsVersion = 11.0;
						LastSwiftMigration = 1100;
					};
				};
			};
			buildConfigurationList = 6F314AB423F4352200FD5BE6 /* Build configuration list for PBXProject "SOAPNetwork" */;
			compatibilityVersion = "Xcode 9.3";
			developmentRegion = en;
			hasScannedForEncodings = 0;
			knownRegions = (
				en,
				Base,
			);
			mainGroup = 6F314AB023F4352200FD5BE6;
			packageReferences = (
				6F314AC523F4359600FD5BE6 /* XCRemoteSwiftPackageReference "Alamofire" */,
				6F314AF223F4392C00FD5BE6 /* XCRemoteSwiftPackageReference "SWXMLHash" */,
			);
			productRefGroup = 6F314ABB23F4352200FD5BE6 /* Products */;
			projectDirPath = "";
			projectRoot = "";
			targets = (
				6F314AB923F4352200FD5BE6 /* SOAPNetwork */,
			);
		};
/* End PBXProject section */

/* Begin PBXResourcesBuildPhase section */
		6F314AB823F4352200FD5BE6 /* Resources */ = {
			isa = PBXResourcesBuildPhase;
			buildActionMask = 2147483647;
			files = (
			);
			runOnlyForDeploymentPostprocessing = 0;
		};
/* End PBXResourcesBuildPhase section */

/* Begin PBXSourcesBuildPhase section */
		6F314AB623F4352200FD5BE6 /* Sources */ = {
			isa = PBXSourcesBuildPhase;
			buildActionMask = 2147483647;
			files = (
				6F314AF823F43B4100FD5BE6 /* Result+Extensions.swift in Sources */,
				6F314ACB23F435C300FD5BE6 /* Network.swift in Sources */,
				6F314AF123F4372400FD5BE6 /* Response.swift in Sources */,
				6F314AC923F435AE00FD5BE6 /* Request.swift in Sources */,
			);
			runOnlyForDeploymentPostprocessing = 0;
		};
/* End PBXSourcesBuildPhase section */

/* Begin XCBuildConfiguration section */
		6F314AC023F4352200FD5BE6 /* Debug */ = {
			isa = XCBuildConfiguration;
			buildSettings = {
				ALWAYS_SEARCH_USER_PATHS = NO;
				CLANG_ANALYZER_NONNULL = YES;
				CLANG_ANALYZER_NUMBER_OBJECT_CONVERSION = YES_AGGRESSIVE;
				CLANG_CXX_LANGUAGE_STANDARD = "gnu++14";
				CLANG_CXX_LIBRARY = "libc++";
				CLANG_ENABLE_MODULES = YES;
				CLANG_ENABLE_OBJC_ARC = YES;
				CLANG_ENABLE_OBJC_WEAK = YES;
				CLANG_WARN_BLOCK_CAPTURE_AUTORELEASING = YES;
				CLANG_WARN_BOOL_CONVERSION = YES;
				CLANG_WARN_COMMA = YES;
				CLANG_WARN_CONSTANT_CONVERSION = YES;
				CLANG_WARN_DEPRECATED_OBJC_IMPLEMENTATIONS = YES;
				CLANG_WARN_DIRECT_OBJC_ISA_USAGE = YES_ERROR;
				CLANG_WARN_DOCUMENTATION_COMMENTS = YES;
				CLANG_WARN_EMPTY_BODY = YES;
				CLANG_WARN_ENUM_CONVERSION = YES;
				CLANG_WARN_INFINITE_RECURSION = YES;
				CLANG_WARN_INT_CONVERSION = YES;
				CLANG_WARN_NON_LITERAL_NULL_CONVERSION = YES;
				CLANG_WARN_OBJC_IMPLICIT_RETAIN_SELF = YES;
				CLANG_WARN_OBJC_LITERAL_CONVERSION = YES;
				CLANG_WARN_OBJC_ROOT_CLASS = YES_ERROR;
				CLANG_WARN_RANGE_LOOP_ANALYSIS = YES;
				CLANG_WARN_STRICT_PROTOTYPES = YES;
				CLANG_WARN_SUSPICIOUS_MOVE = YES;
				CLANG_WARN_UNGUARDED_AVAILABILITY = YES_AGGRESSIVE;
				CLANG_WARN_UNREACHABLE_CODE = YES;
				CLANG_WARN__DUPLICATE_METHOD_MATCH = YES;
				COPY_PHASE_STRIP = NO;
				CURRENT_PROJECT_VERSION = 1;
				DEBUG_INFORMATION_FORMAT = dwarf;
				ENABLE_STRICT_OBJC_MSGSEND = YES;
				ENABLE_TESTABILITY = YES;
				GCC_C_LANGUAGE_STANDARD = gnu11;
				GCC_DYNAMIC_NO_PIC = NO;
				GCC_NO_COMMON_BLOCKS = YES;
				GCC_OPTIMIZATION_LEVEL = 0;
				GCC_PREPROCESSOR_DEFINITIONS = (
					"DEBUG=1",
					"$(inherited)",
				);
				GCC_WARN_64_TO_32_BIT_CONVERSION = YES;
				GCC_WARN_ABOUT_RETURN_TYPE = YES_ERROR;
				GCC_WARN_UNDECLARED_SELECTOR = YES;
				GCC_WARN_UNINITIALIZED_AUTOS = YES_AGGRESSIVE;
				GCC_WARN_UNUSED_FUNCTION = YES;
				GCC_WARN_UNUSED_VARIABLE = YES;
				IPHONEOS_DEPLOYMENT_TARGET = 13.0;
				MTL_ENABLE_DEBUG_INFO = INCLUDE_SOURCE;
				MTL_FAST_MATH = YES;
				ONLY_ACTIVE_ARCH = YES;
				SDKROOT = iphoneos;
				SWIFT_ACTIVE_COMPILATION_CONDITIONS = DEBUG;
				SWIFT_OPTIMIZATION_LEVEL = "-Onone";
				VERSIONING_SYSTEM = "apple-generic";
				VERSION_INFO_PREFIX = "";
			};
			name = Debug;
		};
		6F314AC123F4352200FD5BE6 /* Release */ = {
			isa = XCBuildConfiguration;
			buildSettings = {
				ALWAYS_SEARCH_USER_PATHS = NO;
				CLANG_ANALYZER_NONNULL = YES;
				CLANG_ANALYZER_NUMBER_OBJECT_CONVERSION = YES_AGGRESSIVE;
				CLANG_CXX_LANGUAGE_STANDARD = "gnu++14";
				CLANG_CXX_LIBRARY = "libc++";
				CLANG_ENABLE_MODULES = YES;
				CLANG_ENABLE_OBJC_ARC = YES;
				CLANG_ENABLE_OBJC_WEAK = YES;
				CLANG_WARN_BLOCK_CAPTURE_AUTORELEASING = YES;
				CLANG_WARN_BOOL_CONVERSION = YES;
				CLANG_WARN_COMMA = YES;
				CLANG_WARN_CONSTANT_CONVERSION = YES;
				CLANG_WARN_DEPRECATED_OBJC_IMPLEMENTATIONS = YES;
				CLANG_WARN_DIRECT_OBJC_ISA_USAGE = YES_ERROR;
				CLANG_WARN_DOCUMENTATION_COMMENTS = YES;
				CLANG_WARN_EMPTY_BODY = YES;
				CLANG_WARN_ENUM_CONVERSION = YES;
				CLANG_WARN_INFINITE_RECURSION = YES;
				CLANG_WARN_INT_CONVERSION = YES;
				CLANG_WARN_NON_LITERAL_NULL_CONVERSION = YES;
				CLANG_WARN_OBJC_IMPLICIT_RETAIN_SELF = YES;
				CLANG_WARN_OBJC_LITERAL_CONVERSION = YES;
				CLANG_WARN_OBJC_ROOT_CLASS = YES_ERROR;
				CLANG_WARN_RANGE_LOOP_ANALYSIS = YES;
				CLANG_WARN_STRICT_PROTOTYPES = YES;
				CLANG_WARN_SUSPICIOUS_MOVE = YES;
				CLANG_WARN_UNGUARDED_AVAILABILITY = YES_AGGRESSIVE;
				CLANG_WARN_UNREACHABLE_CODE = YES;
				CLANG_WARN__DUPLICATE_METHOD_MATCH = YES;
				COPY_PHASE_STRIP = NO;
				CURRENT_PROJECT_VERSION = 1;
				DEBUG_INFORMATION_FORMAT = "dwarf-with-dsym";
				ENABLE_NS_ASSERTIONS = NO;
				ENABLE_STRICT_OBJC_MSGSEND = YES;
				GCC_C_LANGUAGE_STANDARD = gnu11;
				GCC_NO_COMMON_BLOCKS = YES;
				GCC_WARN_64_TO_32_BIT_CONVERSION = YES;
				GCC_WARN_ABOUT_RETURN_TYPE = YES_ERROR;
				GCC_WARN_UNDECLARED_SELECTOR = YES;
				GCC_WARN_UNINITIALIZED_AUTOS = YES_AGGRESSIVE;
				GCC_WARN_UNUSED_FUNCTION = YES;
				GCC_WARN_UNUSED_VARIABLE = YES;
				IPHONEOS_DEPLOYMENT_TARGET = 13.0;
				MTL_ENABLE_DEBUG_INFO = NO;
				MTL_FAST_MATH = YES;
				SDKROOT = iphoneos;
				SWIFT_COMPILATION_MODE = wholemodule;
				SWIFT_OPTIMIZATION_LEVEL = "-O";
				VALIDATE_PRODUCT = YES;
				VERSIONING_SYSTEM = "apple-generic";
				VERSION_INFO_PREFIX = "";
			};
			name = Release;
		};
		6F314AC323F4352200FD5BE6 /* Debug */ = {
			isa = XCBuildConfiguration;
			buildSettings = {
				CLANG_ENABLE_MODULES = YES;
				CODE_SIGN_STYLE = Automatic;
				DEFINES_MODULE = YES;
				DEVELOPMENT_TEAM = RW2S3K3Q8M;
				DYLIB_COMPATIBILITY_VERSION = 1;
				DYLIB_CURRENT_VERSION = 1;
				DYLIB_INSTALL_NAME_BASE = "@rpath";
				INFOPLIST_FILE = SOAPNetwork/Info.plist;
				INSTALL_PATH = "$(LOCAL_LIBRARY_DIR)/Frameworks";
				LD_RUNPATH_SEARCH_PATHS = (
					"$(inherited)",
					"@executable_path/Frameworks",
					"@loader_path/Frameworks",
				);
				PRODUCT_BUNDLE_IDENTIFIER = VolodymyrHanas.SOAPNetwork;
				PRODUCT_NAME = "$(TARGET_NAME:c99extidentifier)";
				SKIP_INSTALL = YES;
				SWIFT_OPTIMIZATION_LEVEL = "-Onone";
				SWIFT_VERSION = 5.0;
				TARGETED_DEVICE_FAMILY = "1,2";
			};
			name = Debug;
		};
		6F314AC423F4352200FD5BE6 /* Release */ = {
			isa = XCBuildConfiguration;
			buildSettings = {
				CLANG_ENABLE_MODULES = YES;
				CODE_SIGN_STYLE = Automatic;
				DEFINES_MODULE = YES;
				DEVELOPMENT_TEAM = RW2S3K3Q8M;
				DYLIB_COMPATIBILITY_VERSION = 1;
				DYLIB_CURRENT_VERSION = 1;
				DYLIB_INSTALL_NAME_BASE = "@rpath";
				INFOPLIST_FILE = SOAPNetwork/Info.plist;
				INSTALL_PATH = "$(LOCAL_LIBRARY_DIR)/Frameworks";
				LD_RUNPATH_SEARCH_PATHS = (
					"$(inherited)",
					"@executable_path/Frameworks",
					"@loader_path/Frameworks",
				);
				PRODUCT_BUNDLE_IDENTIFIER = VolodymyrHanas.SOAPNetwork;
				PRODUCT_NAME = "$(TARGET_NAME:c99extidentifier)";
				SKIP_INSTALL = YES;
				SWIFT_VERSION = 5.0;
				TARGETED_DEVICE_FAMILY = "1,2";
			};
			name = Release;
		};
/* End XCBuildConfiguration section */

/* Begin XCConfigurationList section */
		6F314AB423F4352200FD5BE6 /* Build configuration list for PBXProject "SOAPNetwork" */ = {
			isa = XCConfigurationList;
			buildConfigurations = (
				6F314AC023F4352200FD5BE6 /* Debug */,
				6F314AC123F4352200FD5BE6 /* Release */,
			);
			defaultConfigurationIsVisible = 0;
			defaultConfigurationName = Release;
		};
		6F314AC223F4352200FD5BE6 /* Build configuration list for PBXNativeTarget "SOAPNetwork" */ = {
			isa = XCConfigurationList;
			buildConfigurations = (
				6F314AC323F4352200FD5BE6 /* Debug */,
				6F314AC423F4352200FD5BE6 /* Release */,
			);
			defaultConfigurationIsVisible = 0;
			defaultConfigurationName = Release;
		};
/* End XCConfigurationList section */

/* Begin XCRemoteSwiftPackageReference section */
		6F314AC523F4359600FD5BE6 /* XCRemoteSwiftPackageReference "Alamofire" */ = {
			isa = XCRemoteSwiftPackageReference;
			repositoryURL = "https://github.com/Alamofire/Alamofire.git";
			requirement = {
				kind = exactVersion;
				version = "5.0.0-rc.3";
			};
		};
		6F314AF223F4392C00FD5BE6 /* XCRemoteSwiftPackageReference "SWXMLHash" */ = {
			isa = XCRemoteSwiftPackageReference;
			repositoryURL = "https://github.com/drmohundro/SWXMLHash.git";
			requirement = {
				kind = upToNextMajorVersion;
				minimumVersion = 5.0.1;
			};
		};
/* End XCRemoteSwiftPackageReference section */

/* Begin XCSwiftPackageProductDependency section */
		6F314AC623F4359600FD5BE6 /* Alamofire */ = {
			isa = XCSwiftPackageProductDependency;
			package = 6F314AC523F4359600FD5BE6 /* XCRemoteSwiftPackageReference "Alamofire" */;
			productName = Alamofire;
		};
		6F314AF323F4392C00FD5BE6 /* SWXMLHash */ = {
			isa = XCSwiftPackageProductDependency;
			package = 6F314AF223F4392C00FD5BE6 /* XCRemoteSwiftPackageReference "SWXMLHash" */;
			productName = SWXMLHash;
		};
/* End XCSwiftPackageProductDependency section */
	};
	rootObject = 6F314AB123F4352200FD5BE6 /* Project object */;
}
